
Microsoft Visual Studio Solution File, Format Version 12.00
# Visual Studio 2013
VisualStudioVersion = 12.0.21005.1
MinimumVisualStudioVersion = 10.0.40219.1
Project("{FAE04EC0-301F-11D3-BF4B-00C04F79EFBC}") = "Project.API.Host", "Project.API\Project.API\Project.API.Host.csproj", "{4389B305-B381-4B50-B1A8-BBB5259A0524}"
EndProject
Project("{FAE04EC0-301F-11D3-BF4B-00C04F79EFBC}") = "Project.API.ServiceModel", "Project.API\Project.API.ServiceModel\Project.API.ServiceModel.csproj", "{53E82AC1-DD1D-4C66-B55F-F9F4ACFB2F40}"
EndProject
Project("{FAE04EC0-301F-11D3-BF4B-00C04F79EFBC}") = "Project.API.ServiceInterface", "Project.API\Project.API.ServiceInterface\Project.API.ServiceInterface.csproj", "{801A0F89-D5F6-49A6-BCEA-6624388C98A4}"
EndProject
Project("{FAE04EC0-301F-11D3-BF4B-00C04F79EFBC}") = "Project.API.Tests", "Project.API\Project.API.Tests\Project.API.Tests.csproj", "{D22B5797-9F2A-4BA7-9636-6EFCE62EBE00}"
EndProject
Project("{2150E333-8FDC-42A3-9474-1A3956D46DE8}") = "Project.API.ApiLayer", "Project.API.ApiLayer", "{248EE6EF-0C63-418B-89EB-060F033455FD}"
EndProject
Project("{2150E333-8FDC-42A3-9474-1A3956D46DE8}") = "Project.API.BusinessLayer", "Project.API.BusinessLayer", "{24C0C13A-E54D-40B5-B96C-3E58770DB7E2}"
EndProject
Project("{2150E333-8FDC-42A3-9474-1A3956D46DE8}") = "Project.API.CommonLayer", "Project.API.CommonLayer", "{74299518-A1E7-4392-9B7A-036F48597BBD}"
EndProject
Project("{2150E333-8FDC-42A3-9474-1A3956D46DE8}") = "Project.API.DataSourceLayer", "Project.API.DataSourceLayer", "{1FADEE5B-67E6-4392-A4DB-5D6EA725DC43}"
EndProject
Project("{FAE04EC0-301F-11D3-BF4B-00C04F79EFBC}") = "Project.API.Data.DataBase", "Project.API.Data.DataBase\Project.API.Data.DataBase.csproj", "{7FA95C72-4168-4984-B369-6138961C4D5E}"
EndProject
Project("{FAE04EC0-301F-11D3-BF4B-00C04F79EFBC}") = "Project.API.Data.Models", "Project.API.Data.Models\Project.API.Data.Models.csproj", "{333D6918-7821-4F31-953F-46A24E710F11}"
EndProject
Project("{FAE04EC0-301F-11D3-BF4B-00C04F79EFBC}") = "Project.API.Business", "Project.API.Business\Project.API.Business.csproj", "{DE34E76D-00D2-484A-A2E2-03BB9DB23B16}"
EndProject
Project("{FAE04EC0-301F-11D3-BF4B-00C04F79EFBC}") = "Project.API.Common", "Project.API.Common\Project.API.Common.csproj", "{09963008-F44B-40F4-8F39-C71B193C5647}"
EndProject
Project("{2150E333-8FDC-42A3-9474-1A3956D46DE8}") = "Project.API.EntityFrameworkLayer", "Project.API.EntityFrameworkLayer", "{8F871859-5CE4-45A7-AD23-B410223027A2}"
EndProject
Project("{FAE04EC0-301F-11D3-BF4B-00C04F79EFBC}") = "Project.API.EntityFramework.DbContext", "Project.API.EntityFramework.DbContext\Project.API.EntityFramework.DbContext.csproj", "{0E5A44B5-A273-4A98-812B-52D5674FFFC6}"
EndProject
Project("{FAE04EC0-301F-11D3-BF4B-00C04F79EFBC}") = "Project.API.EntityFramework.Mappings", "Project.API.EntityFramework.Mappings\Project.API.EntityFramework.Mappings.csproj", "{E92F8CC4-8EFF-4630-A1CA-C582F97F2C65}"
EndProject
Project("{FAE04EC0-301F-11D3-BF4B-00C04F79EFBC}") = "Project.API.EntityFramework.Models", "Project.API.EntityFramework.Models\Project.API.EntityFramework.Models.csproj", "{7213A465-4851-48C6-9DE3-A9B9F27265EE}"
EndProject
Global
	GlobalSection(SolutionConfigurationPlatforms) = preSolution
		Debug|Any CPU = Debug|Any CPU
		Release|Any CPU = Release|Any CPU
	EndGlobalSection
	GlobalSection(ProjectConfigurationPlatforms) = postSolution
		{4389B305-B381-4B50-B1A8-BBB5259A0524}.Debug|Any CPU.ActiveCfg = Debug|Any CPU
		{4389B305-B381-4B50-B1A8-BBB5259A0524}.Debug|Any CPU.Build.0 = Debug|Any CPU
		{4389B305-B381-4B50-B1A8-BBB5259A0524}.Release|Any CPU.ActiveCfg = Release|Any CPU
		{4389B305-B381-4B50-B1A8-BBB5259A0524}.Release|Any CPU.Build.0 = Release|Any CPU
		{53E82AC1-DD1D-4C66-B55F-F9F4ACFB2F40}.Debug|Any CPU.ActiveCfg = Debug|Any CPU
		{53E82AC1-DD1D-4C66-B55F-F9F4ACFB2F40}.Debug|Any CPU.Build.0 = Debug|Any CPU
		{53E82AC1-DD1D-4C66-B55F-F9F4ACFB2F40}.Release|Any CPU.ActiveCfg = Release|Any CPU
		{53E82AC1-DD1D-4C66-B55F-F9F4ACFB2F40}.Release|Any CPU.Build.0 = Release|Any CPU
		{801A0F89-D5F6-49A6-BCEA-6624388C98A4}.Debug|Any CPU.ActiveCfg = Debug|Any CPU
		{801A0F89-D5F6-49A6-BCEA-6624388C98A4}.Debug|Any CPU.Build.0 = Debug|Any CPU
		{801A0F89-D5F6-49A6-BCEA-6624388C98A4}.Release|Any CPU.ActiveCfg = Release|Any CPU
		{801A0F89-D5F6-49A6-BCEA-6624388C98A4}.Release|Any CPU.Build.0 = Release|Any CPU
		{D22B5797-9F2A-4BA7-9636-6EFCE62EBE00}.Debug|Any CPU.ActiveCfg = Debug|Any CPU
		{D22B5797-9F2A-4BA7-9636-6EFCE62EBE00}.Debug|Any CPU.Build.0 = Debug|Any CPU
		{D22B5797-9F2A-4BA7-9636-6EFCE62EBE00}.Release|Any CPU.ActiveCfg = Release|Any CPU
		{D22B5797-9F2A-4BA7-9636-6EFCE62EBE00}.Release|Any CPU.Build.0 = Release|Any CPU
		{7FA95C72-4168-4984-B369-6138961C4D5E}.Debug|Any CPU.ActiveCfg = Debug|Any CPU
		{7FA95C72-4168-4984-B369-6138961C4D5E}.Debug|Any CPU.Build.0 = Debug|Any CPU
		{7FA95C72-4168-4984-B369-6138961C4D5E}.Release|Any CPU.ActiveCfg = Release|Any CPU
		{7FA95C72-4168-4984-B369-6138961C4D5E}.Release|Any CPU.Build.0 = Release|Any CPU
		{333D6918-7821-4F31-953F-46A24E710F11}.Debug|Any CPU.ActiveCfg = Debug|Any CPU
		{333D6918-7821-4F31-953F-46A24E710F11}.Debug|Any CPU.Build.0 = Debug|Any CPU
		{333D6918-7821-4F31-953F-46A24E710F11}.Release|Any CPU.ActiveCfg = Release|Any CPU
		{333D6918-7821-4F31-953F-46A24E710F11}.Release|Any CPU.Build.0 = Release|Any CPU
		{DE34E76D-00D2-484A-A2E2-03BB9DB23B16}.Debug|Any CPU.ActiveCfg = Debug|Any CPU
		{DE34E76D-00D2-484A-A2E2-03BB9DB23B16}.Debug|Any CPU.Build.0 = Debug|Any CPU
		{DE34E76D-00D2-484A-A2E2-03BB9DB23B16}.Release|Any CPU.ActiveCfg = Release|Any CPU
		{DE34E76D-00D2-484A-A2E2-03BB9DB23B16}.Release|Any CPU.Build.0 = Release|Any CPU
		{09963008-F44B-40F4-8F39-C71B193C5647}.Debug|Any CPU.ActiveCfg = Debug|Any CPU
		{09963008-F44B-40F4-8F39-C71B193C5647}.Debug|Any CPU.Build.0 = Debug|Any CPU
		{09963008-F44B-40F4-8F39-C71B193C5647}.Release|Any CPU.ActiveCfg = Release|Any CPU
		{09963008-F44B-40F4-8F39-C71B193C5647}.Release|Any CPU.Build.0 = Release|Any CPU
		{0E5A44B5-A273-4A98-812B-52D5674FFFC6}.Debug|Any CPU.ActiveCfg = Debug|Any CPU
		{0E5A44B5-A273-4A98-812B-52D5674FFFC6}.Debug|Any CPU.Build.0 = Debug|Any CPU
		{0E5A44B5-A273-4A98-812B-52D5674FFFC6}.Release|Any CPU.ActiveCfg = Release|Any CPU
		{0E5A44B5-A273-4A98-812B-52D5674FFFC6}.Release|Any CPU.Build.0 = Release|Any CPU
		{E92F8CC4-8EFF-4630-A1CA-C582F97F2C65}.Debug|Any CPU.ActiveCfg = Debug|Any CPU
		{E92F8CC4-8EFF-4630-A1CA-C582F97F2C65}.Debug|Any CPU.Build.0 = Debug|Any CPU
		{E92F8CC4-8EFF-4630-A1CA-C582F97F2C65}.Release|Any CPU.ActiveCfg = Release|Any CPU
		{E92F8CC4-8EFF-4630-A1CA-C582F97F2C65}.Release|Any CPU.Build.0 = Release|Any CPU
		{7213A465-4851-48C6-9DE3-A9B9F27265EE}.Debug|Any CPU.ActiveCfg = Debug|Any CPU
		{7213A465-4851-48C6-9DE3-A9B9F27265EE}.Debug|Any CPU.Build.0 = Debug|Any CPU
		{7213A465-4851-48C6-9DE3-A9B9F27265EE}.Release|Any CPU.ActiveCfg = Release|Any CPU
		{7213A465-4851-48C6-9DE3-A9B9F27265EE}.Release|Any CPU.Build.0 = Release|Any CPU
	EndGlobalSection
	GlobalSection(SolutionProperties) = preSolution
		HideSolutionNode = FALSE
	EndGlobalSection
	GlobalSection(NestedProjects) = preSolution
		{53E82AC1-DD1D-4C66-B55F-F9F4ACFB2F40} = {248EE6EF-0C63-418B-89EB-060F033455FD}
		{801A0F89-D5F6-49A6-BCEA-6624388C98A4} = {248EE6EF-0C63-418B-89EB-060F033455FD}
		{D22B5797-9F2A-4BA7-9636-6EFCE62EBE00} = {248EE6EF-0C63-418B-89EB-060F033455FD}
		{4389B305-B381-4B50-B1A8-BBB5259A0524} = {248EE6EF-0C63-418B-89EB-060F033455FD}
		{DE34E76D-00D2-484A-A2E2-03BB9DB23B16} = {24C0C13A-E54D-40B5-B96C-3E58770DB7E2}
		{09963008-F44B-40F4-8F39-C71B193C5647} = {74299518-A1E7-4392-9B7A-036F48597BBD}
		{7FA95C72-4168-4984-B369-6138961C4D5E} = {1FADEE5B-67E6-4392-A4DB-5D6EA725DC43}
		{333D6918-7821-4F31-953F-46A24E710F11} = {1FADEE5B-67E6-4392-A4DB-5D6EA725DC43}
		{0E5A44B5-A273-4A98-812B-52D5674FFFC6} = {8F871859-5CE4-45A7-AD23-B410223027A2}
		{E92F8CC4-8EFF-4630-A1CA-C582F97F2C65} = {8F871859-5CE4-45A7-AD23-B410223027A2}
		{7213A465-4851-48C6-9DE3-A9B9F27265EE} = {8F871859-5CE4-45A7-AD23-B410223027A2}
	EndGlobalSection
EndGlobal
